
Microsoft Visual Studio Solution File, Format Version 12.00
# Visual Studio 15
VisualStudioVersion = 15.0.28307.438
MinimumVisualStudioVersion = 10.0.40219.1
Project("{FAE04EC0-301F-11D3-BF4B-00C04F79EFBC}") = "New", "New\New.csproj", "{65A75230-276F-4166-85B0-0583BC0E904B}"
EndProject
Project("{FAE04EC0-301F-11D3-BF4B-00C04F79EFBC}") = "Lesson", "Lesson\Lesson.csproj", "{B4AC9F95-D76D-4CF8-9D97-36CF599CE3A5}"
EndProject
Global
	GlobalSection(SolutionConfigurationPlatforms) = preSolution
		Debug|Any CPU = Debug|Any CPU
		Release|Any CPU = Release|Any CPU
	EndGlobalSection
	GlobalSection(ProjectConfigurationPlatforms) = postSolution
		{65A75230-276F-4166-85B0-0583BC0E904B}.Debug|Any CPU.ActiveCfg = Debug|Any CPU
		{65A75230-276F-4166-85B0-0583BC0E904B}.Debug|Any CPU.Build.0 = Debug|Any CPU
		{65A75230-276F-4166-85B0-0583BC0E904B}.Release|Any CPU.ActiveCfg = Release|Any CPU
		{65A75230-276F-4166-85B0-0583BC0E904B}.Release|Any CPU.Build.0 = Release|Any CPU
		{B4AC9F95-D76D-4CF8-9D97-36CF599CE3A5}.Debug|Any CPU.ActiveCfg = Debug|Any CPU
		{B4AC9F95-D76D-4CF8-9D97-36CF599CE3A5}.Debug|Any CPU.Build.0 = Debug|Any CPU
		{B4AC9F95-D76D-4CF8-9D97-36CF599CE3A5}.Release|Any CPU.ActiveCfg = Release|Any CPU
		{B4AC9F95-D76D-4CF8-9D97-36CF599CE3A5}.Release|Any CPU.Build.0 = Release|Any CPU
	EndGlobalSection
	GlobalSection(SolutionProperties) = preSolution
		HideSolutionNode = FALSE
	EndGlobalSection
	GlobalSection(ExtensibilityGlobals) = postSolution
		SolutionGuid = {12F1DE3B-7EDA-4EF8-8152-4D6C0C626E65}
	EndGlobalSection
EndGlobal
